{
    "_readme": [
        "This file locks the dependencies of your project to a known state",
        "Read more about it at https://getcomposer.org/doc/01-basic-usage.md#installing-dependencies",
        "This file is @generated automatically"
    ],
    "content-hash": "240e46218f4b46781548080d3cea5e4d",
    "packages": [
        {
            "name": "mggflow/vk-api",
            "version": "v1.0.0",
            "source": {
                "type": "git",
                "url": "https://github.com/MGGFLOW/vk-api.git",
                "reference": "0f87f4c36ab8e12af85c1eebcbbe11cbe6957efd"
            },
            "dist": {
                "type": "zip",
                "url": "https://api.github.com/repos/MGGFLOW/vk-api/zipball/0f87f4c36ab8e12af85c1eebcbbe11cbe6957efd",
                "reference": "0f87f4c36ab8e12af85c1eebcbbe11cbe6957efd",
                "shasum": ""
            },
            "require": {
                "php": ">=5.4"
            },
            "type": "library",
            "autoload": {
                "psr-4": {
                    "MGGFLOW\\VK\\": "src"
                }
            },
            "notification-url": "https://packagist.org/downloads/",
            "license": [
                "MIT"
            ],
            "authors": [
                {
                    "name": "Deusagnis",
                    "email": "deusagnis@gmail.com"
                }
            ],
            "description": "Accept to send requests to VK API by access_token",
            "support": {
                "issues": "https://github.com/MGGFLOW/vk-api/issues",
                "source": "https://github.com/MGGFLOW/vk-api/tree/v1.0.0"
            },
            "time": "2021-01-06T17:07:46+00:00"
        }
    ],
    "packages-dev": [],
    "aliases": [],
    "minimum-stability": "stable",
    "stability-flags": [],
    "prefer-stable": false,
    "prefer-lowest": false,
    "platform": [],
    "platform-dev": [],
    "plugin-api-version": "2.1.0"
}
